
Microsoft Visual Studio Solution File, Format Version 12.00
# Visual Studio 14
VisualStudioVersion = 14.0.25420.1
MinimumVisualStudioVersion = 10.0.40219.1
Project("{2150E333-8FDC-42A3-9474-1A3956D46DE8}") = "Searching", "Searching", "{47B4C005-EB3D-49B6-9DD5-599A7CEBA855}"
EndProject
Project("{FAE04EC0-301F-11D3-BF4B-00C04F79EFBC}") = "DSA.Searching.LinearSearch", "DSA.Searching.LinearSearch\DSA.Searching.LinearSearch.csproj", "{97588946-2562-4654-BE07-3ADF30CED839}"
EndProject
Project("{FAE04EC0-301F-11D3-BF4B-00C04F79EFBC}") = "DSA.Searching.BinarySearch", "DSA.Searching.BinarySearch\DSA.Searching.BinarySearch.csproj", "{089631A5-D1A8-4BE4-9374-CBBB4F00DCC4}"
EndProject
Global
	GlobalSection(SolutionConfigurationPlatforms) = preSolution
		Debug|Any CPU = Debug|Any CPU
		Release|Any CPU = Release|Any CPU
	EndGlobalSection
	GlobalSection(ProjectConfigurationPlatforms) = postSolution
		{97588946-2562-4654-BE07-3ADF30CED839}.Debug|Any CPU.ActiveCfg = Debug|Any CPU
		{97588946-2562-4654-BE07-3ADF30CED839}.Debug|Any CPU.Build.0 = Debug|Any CPU
		{97588946-2562-4654-BE07-3ADF30CED839}.Release|Any CPU.ActiveCfg = Release|Any CPU
		{97588946-2562-4654-BE07-3ADF30CED839}.Release|Any CPU.Build.0 = Release|Any CPU
		{089631A5-D1A8-4BE4-9374-CBBB4F00DCC4}.Debug|Any CPU.ActiveCfg = Debug|Any CPU
		{089631A5-D1A8-4BE4-9374-CBBB4F00DCC4}.Debug|Any CPU.Build.0 = Debug|Any CPU
		{089631A5-D1A8-4BE4-9374-CBBB4F00DCC4}.Release|Any CPU.ActiveCfg = Release|Any CPU
		{089631A5-D1A8-4BE4-9374-CBBB4F00DCC4}.Release|Any CPU.Build.0 = Release|Any CPU
	EndGlobalSection
	GlobalSection(SolutionProperties) = preSolution
		HideSolutionNode = FALSE
	EndGlobalSection
	GlobalSection(NestedProjects) = preSolution
		{97588946-2562-4654-BE07-3ADF30CED839} = {47B4C005-EB3D-49B6-9DD5-599A7CEBA855}
		{089631A5-D1A8-4BE4-9374-CBBB4F00DCC4} = {47B4C005-EB3D-49B6-9DD5-599A7CEBA855}
	EndGlobalSection
EndGlobal
